// !$*UTF8*$!
{
	archiveVersion = 1;
	classes = {
	};
	objectVersion = 51;
	objects = {

/* Begin PBXBuildFile section */
		1DB3410F2523566100DD6B0F /* AppDelegate.swift in Sources */ = {isa = PBXBuildFile; fileRef = 1DB3410E2523566100DD6B0F /* AppDelegate.swift */; };
		1DB341132523566100DD6B0F /* ItemsController.swift in Sources */ = {isa = PBXBuildFile; fileRef = 1DB341122523566100DD6B0F /* ItemsController.swift */; };
		1DB341182523566300DD6B0F /* Assets.xcassets in Resources */ = {isa = PBXBuildFile; fileRef = 1DB341172523566300DD6B0F /* Assets.xcassets */; };
		1DB3411B2523566300DD6B0F /* LaunchScreen.storyboard in Resources */ = {isa = PBXBuildFile; fileRef = 1DB341192523566300DD6B0F /* LaunchScreen.storyboard */; };
		1DB341262523566300DD6B0F /* TelstraiOSProficiencyTests.swift in Sources */ = {isa = PBXBuildFile; fileRef = 1DB341252523566300DD6B0F /* TelstraiOSProficiencyTests.swift */; };
		1DB3413325235C6F00DD6B0F /* Constants.swift in Sources */ = {isa = PBXBuildFile; fileRef = 1DB3413225235C6F00DD6B0F /* Constants.swift */; };
		1DB3413525235F4A00DD6B0F /* ItemCell.swift in Sources */ = {isa = PBXBuildFile; fileRef = 1DB3413425235F4A00DD6B0F /* ItemCell.swift */; };
		1DB341372523617E00DD6B0F /* FontSize.swift in Sources */ = {isa = PBXBuildFile; fileRef = 1DB341362523617E00DD6B0F /* FontSize.swift */; };
		3B750901BE83143F3BFCC097 /* Pods_TelstraiOSProficiencyTests.framework in Frameworks */ = {isa = PBXBuildFile; fileRef = F9FC8287DD9A80BFFD9C07FE /* Pods_TelstraiOSProficiencyTests.framework */; };
		F6C9A4FCA1C6D4D3803CAF73 /* Pods_TelstraiOSProficiency.framework in Frameworks */ = {isa = PBXBuildFile; fileRef = 3AD885C0C3CD2F4A67C45615 /* Pods_TelstraiOSProficiency.framework */; };
/* End PBXBuildFile section */

/* Begin PBXContainerItemProxy section */
		1DB341222523566300DD6B0F /* PBXContainerItemProxy */ = {
			isa = PBXContainerItemProxy;
			containerPortal = 1DB341032523566100DD6B0F /* Project object */;
			proxyType = 1;
			remoteGlobalIDString = 1DB3410A2523566100DD6B0F;
			remoteInfo = TelstraiOSProficiency;
		};
/* End PBXContainerItemProxy section */

/* Begin PBXFileReference section */
		1DB3410B2523566100DD6B0F /* TelstraiOSProficiency.app */ = {isa = PBXFileReference; explicitFileType = wrapper.application; includeInIndex = 0; path = TelstraiOSProficiency.app; sourceTree = BUILT_PRODUCTS_DIR; };
		1DB3410E2523566100DD6B0F /* AppDelegate.swift */ = {isa = PBXFileReference; lastKnownFileType = sourcecode.swift; path = AppDelegate.swift; sourceTree = "<group>"; };
		1DB341122523566100DD6B0F /* ItemsController.swift */ = {isa = PBXFileReference; lastKnownFileType = sourcecode.swift; path = ItemsController.swift; sourceTree = "<group>"; };
		1DB341172523566300DD6B0F /* Assets.xcassets */ = {isa = PBXFileReference; lastKnownFileType = folder.assetcatalog; path = Assets.xcassets; sourceTree = "<group>"; };
		1DB3411A2523566300DD6B0F /* Base */ = {isa = PBXFileReference; lastKnownFileType = file.storyboard; name = Base; path = Base.lproj/LaunchScreen.storyboard; sourceTree = "<group>"; };
		1DB3411C2523566300DD6B0F /* Info.plist */ = {isa = PBXFileReference; lastKnownFileType = text.plist.xml; path = Info.plist; sourceTree = "<group>"; };
		1DB341212523566300DD6B0F /* TelstraiOSProficiencyTests.xctest */ = {isa = PBXFileReference; explicitFileType = wrapper.cfbundle; includeInIndex = 0; path = TelstraiOSProficiencyTests.xctest; sourceTree = BUILT_PRODUCTS_DIR; };
		1DB341252523566300DD6B0F /* TelstraiOSProficiencyTests.swift */ = {isa = PBXFileReference; lastKnownFileType = sourcecode.swift; path = TelstraiOSProficiencyTests.swift; sourceTree = "<group>"; };
		1DB341272523566300DD6B0F /* Info.plist */ = {isa = PBXFileReference; lastKnownFileType = text.plist.xml; path = Info.plist; sourceTree = "<group>"; };
		1DB3413225235C6F00DD6B0F /* Constants.swift */ = {isa = PBXFileReference; fileEncoding = 4; lastKnownFileType = sourcecode.swift; path = Constants.swift; sourceTree = "<group>"; };
		1DB3413425235F4A00DD6B0F /* ItemCell.swift */ = {isa = PBXFileReference; fileEncoding = 4; lastKnownFileType = sourcecode.swift; path = ItemCell.swift; sourceTree = "<group>"; };
		1DB341362523617E00DD6B0F /* FontSize.swift */ = {isa = PBXFileReference; fileEncoding = 4; lastKnownFileType = sourcecode.swift; path = FontSize.swift; sourceTree = "<group>"; };
		3AD885C0C3CD2F4A67C45615 /* Pods_TelstraiOSProficiency.framework */ = {isa = PBXFileReference; explicitFileType = wrapper.framework; includeInIndex = 0; path = Pods_TelstraiOSProficiency.framework; sourceTree = BUILT_PRODUCTS_DIR; };
		7FE9AE5520B5EE1BB4C033BF /* Pods-TelstraiOSProficiencyTests.release.xcconfig */ = {isa = PBXFileReference; includeInIndex = 1; lastKnownFileType = text.xcconfig; name = "Pods-TelstraiOSProficiencyTests.release.xcconfig"; path = "Target Support Files/Pods-TelstraiOSProficiencyTests/Pods-TelstraiOSProficiencyTests.release.xcconfig"; sourceTree = "<group>"; };
		876D1CD055740F9D3D356A21 /* Pods-TelstraiOSProficiency.debug.xcconfig */ = {isa = PBXFileReference; includeInIndex = 1; lastKnownFileType = text.xcconfig; name = "Pods-TelstraiOSProficiency.debug.xcconfig"; path = "Target Support Files/Pods-TelstraiOSProficiency/Pods-TelstraiOSProficiency.debug.xcconfig"; sourceTree = "<group>"; };
		B0B9F8588708A59ADDEC4562 /* Pods-TelstraiOSProficiency.release.xcconfig */ = {isa = PBXFileReference; includeInIndex = 1; lastKnownFileType = text.xcconfig; name = "Pods-TelstraiOSProficiency.release.xcconfig"; path = "Target Support Files/Pods-TelstraiOSProficiency/Pods-TelstraiOSProficiency.release.xcconfig"; sourceTree = "<group>"; };
		E72FD271C95CE52B48D0D194 /* Pods-TelstraiOSProficiencyTests.debug.xcconfig */ = {isa = PBXFileReference; includeInIndex = 1; lastKnownFileType = text.xcconfig; name = "Pods-TelstraiOSProficiencyTests.debug.xcconfig"; path = "Target Support Files/Pods-TelstraiOSProficiencyTests/Pods-TelstraiOSProficiencyTests.debug.xcconfig"; sourceTree = "<group>"; };
		F9FC8287DD9A80BFFD9C07FE /* Pods_TelstraiOSProficiencyTests.framework */ = {isa = PBXFileReference; explicitFileType = wrapper.framework; includeInIndex = 0; path = Pods_TelstraiOSProficiencyTests.framework; sourceTree = BUILT_PRODUCTS_DIR; };
/* End PBXFileReference section */

/* Begin PBXFrameworksBuildPhase section */
		1DB341082523566100DD6B0F /* Frameworks */ = {
			isa = PBXFrameworksBuildPhase;
			buildActionMask = 2147483647;
			files = (
				F6C9A4FCA1C6D4D3803CAF73 /* Pods_TelstraiOSProficiency.framework in Frameworks */,
			);
			runOnlyForDeploymentPostprocessing = 0;
		};
		1DB3411E2523566300DD6B0F /* Frameworks */ = {
			isa = PBXFrameworksBuildPhase;
			buildActionMask = 2147483647;
			files = (
				3B750901BE83143F3BFCC097 /* Pods_TelstraiOSProficiencyTests.framework in Frameworks */,
			);
			runOnlyForDeploymentPostprocessing = 0;
		};
/* End PBXFrameworksBuildPhase section */

/* Begin PBXGroup section */
		1DB341022523566100DD6B0F = {
			isa = PBXGroup;
			children = (
				1DB3410D2523566100DD6B0F /* TelstraiOSProficiency */,
				1DB341242523566300DD6B0F /* TelstraiOSProficiencyTests */,
				1DB3410C2523566100DD6B0F /* Products */,
				4AE8C6432EB24AD323FF86A4 /* Pods */,
				4727968752AD06A17942190C /* Frameworks */,
			);
			sourceTree = "<group>";
		};
		1DB3410C2523566100DD6B0F /* Products */ = {
			isa = PBXGroup;
			children = (
				1DB3410B2523566100DD6B0F /* TelstraiOSProficiency.app */,
				1DB341212523566300DD6B0F /* TelstraiOSProficiencyTests.xctest */,
			);
			name = Products;
			sourceTree = "<group>";
		};
		1DB3410D2523566100DD6B0F /* TelstraiOSProficiency */ = {
			isa = PBXGroup;
			children = (
				1DB3413A2523690000DD6B0F /* Enumerations */,
				1DB3413B2523691500DD6B0F /* Utilities */,
				1DB34138252368DD00DD6B0F /* Table Cells */,
				1DB34139252368E900DD6B0F /* ViewControllers */,
				1DB341172523566300DD6B0F /* Assets.xcassets */,
				1DB341192523566300DD6B0F /* LaunchScreen.storyboard */,
				1DB3411C2523566300DD6B0F /* Info.plist */,
				1DB3410E2523566100DD6B0F /* AppDelegate.swift */,
			);
			path = TelstraiOSProficiency;
			sourceTree = "<group>";
		};
		1DB341242523566300DD6B0F /* TelstraiOSProficiencyTests */ = {
			isa = PBXGroup;
			children = (
				1DB341252523566300DD6B0F /* TelstraiOSProficiencyTests.swift */,
				1DB341272523566300DD6B0F /* Info.plist */,
			);
			path = TelstraiOSProficiencyTests;
			sourceTree = "<group>";
		};
		1DB34138252368DD00DD6B0F /* Table Cells */ = {
			isa = PBXGroup;
			children = (
				1DB3413425235F4A00DD6B0F /* ItemCell.swift */,
			);
			path = "Table Cells";
			sourceTree = "<group>";
		};
		1DB34139252368E900DD6B0F /* ViewControllers */ = {
			isa = PBXGroup;
			children = (
				1DB341122523566100DD6B0F /* ItemsController.swift */,
			);
			path = ViewControllers;
			sourceTree = "<group>";
		};
		1DB3413A2523690000DD6B0F /* Enumerations */ = {
			isa = PBXGroup;
			children = (
				1DB341362523617E00DD6B0F /* FontSize.swift */,
			);
			path = Enumerations;
			sourceTree = "<group>";
		};
		1DB3413B2523691500DD6B0F /* Utilities */ = {
			isa = PBXGroup;
			children = (
				1DB3413225235C6F00DD6B0F /* Constants.swift */,
			);
			path = Utilities;
			sourceTree = "<group>";
		};
		4727968752AD06A17942190C /* Frameworks */ = {
			isa = PBXGroup;
			children = (
				3AD885C0C3CD2F4A67C45615 /* Pods_TelstraiOSProficiency.framework */,
				F9FC8287DD9A80BFFD9C07FE /* Pods_TelstraiOSProficiencyTests.framework */,
			);
			name = Frameworks;
			sourceTree = "<group>";
		};
		4AE8C6432EB24AD323FF86A4 /* Pods */ = {
			isa = PBXGroup;
			children = (
				876D1CD055740F9D3D356A21 /* Pods-TelstraiOSProficiency.debug.xcconfig */,
				B0B9F8588708A59ADDEC4562 /* Pods-TelstraiOSProficiency.release.xcconfig */,
				E72FD271C95CE52B48D0D194 /* Pods-TelstraiOSProficiencyTests.debug.xcconfig */,
				7FE9AE5520B5EE1BB4C033BF /* Pods-TelstraiOSProficiencyTests.release.xcconfig */,
			);
			path = Pods;
			sourceTree = "<group>";
		};
/* End PBXGroup section */

/* Begin PBXNativeTarget section */
		1DB3410A2523566100DD6B0F /* TelstraiOSProficiency */ = {
			isa = PBXNativeTarget;
			buildConfigurationList = 1DB3412A2523566300DD6B0F /* Build configuration list for PBXNativeTarget "TelstraiOSProficiency" */;
			buildPhases = (
				D73DEE5837D437A2422F8576 /* [CP] Check Pods Manifest.lock */,
				1DB341072523566100DD6B0F /* Sources */,
				1DB341082523566100DD6B0F /* Frameworks */,
				1DB341092523566100DD6B0F /* Resources */,
				32A7A424F202E6E1DC94AEFA /* [CP] Embed Pods Frameworks */,
				1DB341302523583200DD6B0F /* ShellScript */,
			);
			buildRules = (
			);
			dependencies = (
			);
			name = TelstraiOSProficiency;
			productName = TelstraiOSProficiency;
			productReference = 1DB3410B2523566100DD6B0F /* TelstraiOSProficiency.app */;
			productType = "com.apple.product-type.application";
		};
		1DB341202523566300DD6B0F /* TelstraiOSProficiencyTests */ = {
			isa = PBXNativeTarget;
			buildConfigurationList = 1DB3412D2523566300DD6B0F /* Build configuration list for PBXNativeTarget "TelstraiOSProficiencyTests" */;
			buildPhases = (
				0C112C650E53190F446BF01F /* [CP] Check Pods Manifest.lock */,
				1DB3411D2523566300DD6B0F /* Sources */,
				1DB3411E2523566300DD6B0F /* Frameworks */,
				1DB3411F2523566300DD6B0F /* Resources */,
			);
			buildRules = (
			);
			dependencies = (
				1DB341232523566300DD6B0F /* PBXTargetDependency */,
			);
			name = TelstraiOSProficiencyTests;
			productName = TelstraiOSProficiencyTests;
			productReference = 1DB341212523566300DD6B0F /* TelstraiOSProficiencyTests.xctest */;
			productType = "com.apple.product-type.bundle.unit-test";
		};
/* End PBXNativeTarget section */

/* Begin PBXProject section */
		1DB341032523566100DD6B0F /* Project object */ = {
			isa = PBXProject;
			attributes = {
				LastSwiftUpdateCheck = 1150;
				LastUpgradeCheck = 1150;
				ORGANIZATIONNAME = Gokulakrishnan;
				TargetAttributes = {
					1DB3410A2523566100DD6B0F = {
						CreatedOnToolsVersion = 11.5;
					};
					1DB341202523566300DD6B0F = {
						CreatedOnToolsVersion = 11.5;
						TestTargetID = 1DB3410A2523566100DD6B0F;
					};
				};
			};
			buildConfigurationList = 1DB341062523566100DD6B0F /* Build configuration list for PBXProject "TelstraiOSProficiency" */;
			compatibilityVersion = "Xcode 9.3";
			developmentRegion = en;
			hasScannedForEncodings = 0;
			knownRegions = (
				en,
				Base,
			);
			mainGroup = 1DB341022523566100DD6B0F;
			productRefGroup = 1DB3410C2523566100DD6B0F /* Products */;
			projectDirPath = "";
			projectRoot = "";
			targets = (
				1DB3410A2523566100DD6B0F /* TelstraiOSProficiency */,
				1DB341202523566300DD6B0F /* TelstraiOSProficiencyTests */,
			);
		};
/* End PBXProject section */

/* Begin PBXResourcesBuildPhase section */
		1DB341092523566100DD6B0F /* Resources */ = {
			isa = PBXResourcesBuildPhase;
			buildActionMask = 2147483647;
			files = (
				1DB3411B2523566300DD6B0F /* LaunchScreen.storyboard in Resources */,
				1DB341182523566300DD6B0F /* Assets.xcassets in Resources */,
			);
			runOnlyForDeploymentPostprocessing = 0;
		};
		1DB3411F2523566300DD6B0F /* Resources */ = {
			isa = PBXResourcesBuildPhase;
			buildActionMask = 2147483647;
			files = (
			);
			runOnlyForDeploymentPostprocessing = 0;
		};
/* End PBXResourcesBuildPhase section */

/* Begin PBXShellScriptBuildPhase section */
		0C112C650E53190F446BF01F /* [CP] Check Pods Manifest.lock */ = {
			isa = PBXShellScriptBuildPhase;
			buildActionMask = 2147483647;
			files = (
			);
			inputFileListPaths = (
			);
			inputPaths = (
				"${PODS_PODFILE_DIR_PATH}/Podfile.lock",
				"${PODS_ROOT}/Manifest.lock",
			);
			name = "[CP] Check Pods Manifest.lock";
			outputFileListPaths = (
			);
			outputPaths = (
				"$(DERIVED_FILE_DIR)/Pods-TelstraiOSProficiencyTests-checkManifestLockResult.txt",
			);
			runOnlyForDeploymentPostprocessing = 0;
			shellPath = /bin/sh;
			shellScript = "diff \"${PODS_PODFILE_DIR_PATH}/Podfile.lock\" \"${PODS_ROOT}/Manifest.lock\" > /dev/null\nif [ $? != 0 ] ; then\n    # print error to STDERR\n    echo \"error: The sandbox is not in sync with the Podfile.lock. Run 'pod install' or update your CocoaPods installation.\" >&2\n    exit 1\nfi\n# This output is used by Xcode 'outputs' to avoid re-running this script phase.\necho \"SUCCESS\" > \"${SCRIPT_OUTPUT_FILE_0}\"\n";
			showEnvVarsInLog = 0;
		};
		1DB341302523583200DD6B0F /* ShellScript */ = {
			isa = PBXShellScriptBuildPhase;
			buildActionMask = 2147483647;
			files = (
			);
			inputFileListPaths = (
			);
			inputPaths = (
			);
			outputFileListPaths = (
			);
			outputPaths = (
			);
			runOnlyForDeploymentPostprocessing = 0;
			shellPath = /bin/sh;
			shellScript = "\"${PODS_ROOT}/SwiftLint/swiftlint\"\n";
		};
		32A7A424F202E6E1DC94AEFA /* [CP] Embed Pods Frameworks */ = {
			isa = PBXShellScriptBuildPhase;
			buildActionMask = 2147483647;
			files = (
			);
			inputFileListPaths = (
				"${PODS_ROOT}/Target Support Files/Pods-TelstraiOSProficiency/Pods-TelstraiOSProficiency-frameworks-${CONFIGURATION}-input-files.xcfilelist",
			);
			name = "[CP] Embed Pods Frameworks";
			outputFileListPaths = (
				"${PODS_ROOT}/Target Support Files/Pods-TelstraiOSProficiency/Pods-TelstraiOSProficiency-frameworks-${CONFIGURATION}-output-files.xcfilelist",
			);
			runOnlyForDeploymentPostprocessing = 0;
			shellPath = /bin/sh;
			shellScript = "\"${PODS_ROOT}/Target Support Files/Pods-TelstraiOSProficiency/Pods-TelstraiOSProficiency-frameworks.sh\"\n";
			showEnvVarsInLog = 0;
		};
		D73DEE5837D437A2422F8576 /* [CP] Check Pods Manifest.lock */ = {
			isa = PBXShellScriptBuildPhase;
			buildActionMask = 2147483647;
			files = (
			);
			inputFileListPaths = (
			);
			inputPaths = (
				"${PODS_PODFILE_DIR_PATH}/Podfile.lock",
				"${PODS_ROOT}/Manifest.lock",
			);
			name = "[CP] Check Pods Manifest.lock";
			outputFileListPaths = (
			);
			outputPaths = (
				"$(DERIVED_FILE_DIR)/Pods-TelstraiOSProficiency-checkManifestLockResult.txt",
			);
			runOnlyForDeploymentPostprocessing = 0;
			shellPath = /bin/sh;
			shellScript = "diff \"${PODS_PODFILE_DIR_PATH}/Podfile.lock\" \"${PODS_ROOT}/Manifest.lock\" > /dev/null\nif [ $? != 0 ] ; then\n    # print error to STDERR\n    echo \"error: The sandbox is not in sync with the Podfile.lock. Run 'pod install' or update your CocoaPods installation.\" >&2\n    exit 1\nfi\n# This output is used by Xcode 'outputs' to avoid re-running this script phase.\necho \"SUCCESS\" > \"${SCRIPT_OUTPUT_FILE_0}\"\n";
			showEnvVarsInLog = 0;
		};
/* End PBXShellScriptBuildPhase section */

/* Begin PBXSourcesBuildPhase section */
		1DB341072523566100DD6B0F /* Sources */ = {
			isa = PBXSourcesBuildPhase;
			buildActionMask = 2147483647;
			files = (
				1DB341132523566100DD6B0F /* ItemsController.swift in Sources */,
				1DB341372523617E00DD6B0F /* FontSize.swift in Sources */,
				1DB3410F2523566100DD6B0F /* AppDelegate.swift in Sources */,
				1DB3413325235C6F00DD6B0F /* Constants.swift in Sources */,
				1DB3413525235F4A00DD6B0F /* ItemCell.swift in Sources */,
			);
			runOnlyForDeploymentPostprocessing = 0;
		};
		1DB3411D2523566300DD6B0F /* Sources */ = {
			isa = PBXSourcesBuildPhase;
			buildActionMask = 2147483647;
			files = (
				1DB341262523566300DD6B0F /* TelstraiOSProficiencyTests.swift in Sources */,
			);
			runOnlyForDeploymentPostprocessing = 0;
		};
/* End PBXSourcesBuildPhase section */

/* Begin PBXTargetDependency section */
		1DB341232523566300DD6B0F /* PBXTargetDependency */ = {
			isa = PBXTargetDependency;
			target = 1DB3410A2523566100DD6B0F /* TelstraiOSProficiency */;
			targetProxy = 1DB341222523566300DD6B0F /* PBXContainerItemProxy */;
		};
/* End PBXTargetDependency section */

/* Begin PBXVariantGroup section */
		1DB341192523566300DD6B0F /* LaunchScreen.storyboard */ = {
			isa = PBXVariantGroup;
			children = (
				1DB3411A2523566300DD6B0F /* Base */,
			);
			name = LaunchScreen.storyboard;
			sourceTree = "<group>";
		};
/* End PBXVariantGroup section */

/* Begin XCBuildConfiguration section */
		1DB341282523566300DD6B0F /* Debug */ = {
			isa = XCBuildConfiguration;
			buildSettings = {
				ALWAYS_SEARCH_USER_PATHS = NO;
				CLANG_ANALYZER_NONNULL = YES;
				CLANG_ANALYZER_NUMBER_OBJECT_CONVERSION = YES_AGGRESSIVE;
				CLANG_CXX_LANGUAGE_STANDARD = "gnu++14";
				CLANG_CXX_LIBRARY = "libc++";
				CLANG_ENABLE_MODULES = YES;
				CLANG_ENABLE_OBJC_ARC = YES;
				CLANG_ENABLE_OBJC_WEAK = YES;
				CLANG_WARN_BLOCK_CAPTURE_AUTORELEASING = YES;
				CLANG_WARN_BOOL_CONVERSION = YES;
				CLANG_WARN_COMMA = YES;
				CLANG_WARN_CONSTANT_CONVERSION = YES;
				CLANG_WARN_DEPRECATED_OBJC_IMPLEMENTATIONS = YES;
				CLANG_WARN_DIRECT_OBJC_ISA_USAGE = YES_ERROR;
				CLANG_WARN_DOCUMENTATION_COMMENTS = YES;
				CLANG_WARN_EMPTY_BODY = YES;
				CLANG_WARN_ENUM_CONVERSION = YES;
				CLANG_WARN_INFINITE_RECURSION = YES;
				CLANG_WARN_INT_CONVERSION = YES;
				CLANG_WARN_NON_LITERAL_NULL_CONVERSION = YES;
				CLANG_WARN_OBJC_IMPLICIT_RETAIN_SELF = YES;
				CLANG_WARN_OBJC_LITERAL_CONVERSION = YES;
				CLANG_WARN_OBJC_ROOT_CLASS = YES_ERROR;
				CLANG_WARN_RANGE_LOOP_ANALYSIS = YES;
				CLANG_WARN_STRICT_PROTOTYPES = YES;
				CLANG_WARN_SUSPICIOUS_MOVE = YES;
				CLANG_WARN_UNGUARDED_AVAILABILITY = YES_AGGRESSIVE;
				CLANG_WARN_UNREACHABLE_CODE = YES;
				CLANG_WARN__DUPLICATE_METHOD_MATCH = YES;
				COPY_PHASE_STRIP = NO;
				DEBUG_INFORMATION_FORMAT = dwarf;
				ENABLE_STRICT_OBJC_MSGSEND = YES;
				ENABLE_TESTABILITY = YES;
				GCC_C_LANGUAGE_STANDARD = gnu11;
				GCC_DYNAMIC_NO_PIC = NO;
				GCC_NO_COMMON_BLOCKS = YES;
				GCC_OPTIMIZATION_LEVEL = 0;
				GCC_PREPROCESSOR_DEFINITIONS = (
					"DEBUG=1",
					"$(inherited)",
				);
				GCC_WARN_64_TO_32_BIT_CONVERSION = YES;
				GCC_WARN_ABOUT_RETURN_TYPE = YES_ERROR;
				GCC_WARN_UNDECLARED_SELECTOR = YES;
				GCC_WARN_UNINITIALIZED_AUTOS = YES_AGGRESSIVE;
				GCC_WARN_UNUSED_FUNCTION = YES;
				GCC_WARN_UNUSED_VARIABLE = YES;
				IPHONEOS_DEPLOYMENT_TARGET = 13.5;
				MTL_ENABLE_DEBUG_INFO = INCLUDE_SOURCE;
				MTL_FAST_MATH = YES;
				ONLY_ACTIVE_ARCH = YES;
				SDKROOT = iphoneos;
				SWIFT_ACTIVE_COMPILATION_CONDITIONS = DEBUG;
				SWIFT_OPTIMIZATION_LEVEL = "-Onone";
			};
			name = Debug;
		};
		1DB341292523566300DD6B0F /* Release */ = {
			isa = XCBuildConfiguration;
			buildSettings = {
				ALWAYS_SEARCH_USER_PATHS = NO;
				CLANG_ANALYZER_NONNULL = YES;
				CLANG_ANALYZER_NUMBER_OBJECT_CONVERSION = YES_AGGRESSIVE;
				CLANG_CXX_LANGUAGE_STANDARD = "gnu++14";
				CLANG_CXX_LIBRARY = "libc++";
				CLANG_ENABLE_MODULES = YES;
				CLANG_ENABLE_OBJC_ARC = YES;
				CLANG_ENABLE_OBJC_WEAK = YES;
				CLANG_WARN_BLOCK_CAPTURE_AUTORELEASING = YES;
				CLANG_WARN_BOOL_CONVERSION = YES;
				CLANG_WARN_COMMA = YES;
				CLANG_WARN_CONSTANT_CONVERSION = YES;
				CLANG_WARN_DEPRECATED_OBJC_IMPLEMENTATIONS = YES;
				CLANG_WARN_DIRECT_OBJC_ISA_USAGE = YES_ERROR;
				CLANG_WARN_DOCUMENTATION_COMMENTS = YES;
				CLANG_WARN_EMPTY_BODY = YES;
				CLANG_WARN_ENUM_CONVERSION = YES;
				CLANG_WARN_INFINITE_RECURSION = YES;
				CLANG_WARN_INT_CONVERSION = YES;
				CLANG_WARN_NON_LITERAL_NULL_CONVERSION = YES;
				CLANG_WARN_OBJC_IMPLICIT_RETAIN_SELF = YES;
				CLANG_WARN_OBJC_LITERAL_CONVERSION = YES;
				CLANG_WARN_OBJC_ROOT_CLASS = YES_ERROR;
				CLANG_WARN_RANGE_LOOP_ANALYSIS = YES;
				CLANG_WARN_STRICT_PROTOTYPES = YES;
				CLANG_WARN_SUSPICIOUS_MOVE = YES;
				CLANG_WARN_UNGUARDED_AVAILABILITY = YES_AGGRESSIVE;
				CLANG_WARN_UNREACHABLE_CODE = YES;
				CLANG_WARN__DUPLICATE_METHOD_MATCH = YES;
				COPY_PHASE_STRIP = NO;
				DEBUG_INFORMATION_FORMAT = "dwarf-with-dsym";
				ENABLE_NS_ASSERTIONS = NO;
				ENABLE_STRICT_OBJC_MSGSEND = YES;
				GCC_C_LANGUAGE_STANDARD = gnu11;
				GCC_NO_COMMON_BLOCKS = YES;
				GCC_WARN_64_TO_32_BIT_CONVERSION = YES;
				GCC_WARN_ABOUT_RETURN_TYPE = YES_ERROR;
				GCC_WARN_UNDECLARED_SELECTOR = YES;
				GCC_WARN_UNINITIALIZED_AUTOS = YES_AGGRESSIVE;
				GCC_WARN_UNUSED_FUNCTION = YES;
				GCC_WARN_UNUSED_VARIABLE = YES;
				IPHONEOS_DEPLOYMENT_TARGET = 13.5;
				MTL_ENABLE_DEBUG_INFO = NO;
				MTL_FAST_MATH = YES;
				SDKROOT = iphoneos;
				SWIFT_COMPILATION_MODE = wholemodule;
				SWIFT_OPTIMIZATION_LEVEL = "-O";
				VALIDATE_PRODUCT = YES;
			};
			name = Release;
		};
		1DB3412B2523566300DD6B0F /* Debug */ = {
			isa = XCBuildConfiguration;
			baseConfigurationReference = 876D1CD055740F9D3D356A21 /* Pods-TelstraiOSProficiency.debug.xcconfig */;
			buildSettings = {
				ASSETCATALOG_COMPILER_APPICON_NAME = AppIcon;
				CODE_SIGN_STYLE = Automatic;
				INFOPLIST_FILE = TelstraiOSProficiency/Info.plist;
				IPHONEOS_DEPLOYMENT_TARGET = 11.0;
				LD_RUNPATH_SEARCH_PATHS = (
					"$(inherited)",
					"@executable_path/Frameworks",
				);
				PRODUCT_BUNDLE_IDENTIFIER = com.test.TelstraiOSProficiency;
				PRODUCT_NAME = "$(TARGET_NAME)";
				SWIFT_VERSION = 5.0;
				TARGETED_DEVICE_FAMILY = "1,2";
			};
			name = Debug;
		};
		1DB3412C2523566300DD6B0F /* Release */ = {
			isa = XCBuildConfiguration;
			baseConfigurationReference = B0B9F8588708A59ADDEC4562 /* Pods-TelstraiOSProficiency.release.xcconfig */;
			buildSettings = {
				ASSETCATALOG_COMPILER_APPICON_NAME = AppIcon;
				CODE_SIGN_STYLE = Automatic;
				INFOPLIST_FILE = TelstraiOSProficiency/Info.plist;
				IPHONEOS_DEPLOYMENT_TARGET = 11.0;
				LD_RUNPATH_SEARCH_PATHS = (
					"$(inherited)",
					"@executable_path/Frameworks",
				);
				PRODUCT_BUNDLE_IDENTIFIER = com.test.TelstraiOSProficiency;
				PRODUCT_NAME = "$(TARGET_NAME)";
				SWIFT_VERSION = 5.0;
				TARGETED_DEVICE_FAMILY = "1,2";
			};
			name = Release;
		};
		1DB3412E2523566300DD6B0F /* Debug */ = {
			isa = XCBuildConfiguration;
			baseConfigurationReference = E72FD271C95CE52B48D0D194 /* Pods-TelstraiOSProficiencyTests.debug.xcconfig */;
			buildSettings = {
				ALWAYS_EMBED_SWIFT_STANDARD_LIBRARIES = YES;
				BUNDLE_LOADER = "$(TEST_HOST)";
				CODE_SIGN_STYLE = Automatic;
				INFOPLIST_FILE = TelstraiOSProficiencyTests/Info.plist;
				IPHONEOS_DEPLOYMENT_TARGET = 13.5;
				LD_RUNPATH_SEARCH_PATHS = (
					"$(inherited)",
					"@executable_path/Frameworks",
					"@loader_path/Frameworks",
				);
				PRODUCT_BUNDLE_IDENTIFIER = com.test.TelstraiOSProficiencyTests;
				PRODUCT_NAME = "$(TARGET_NAME)";
				SWIFT_VERSION = 5.0;
				TARGETED_DEVICE_FAMILY = "1,2";
				TEST_HOST = "$(BUILT_PRODUCTS_DIR)/TelstraiOSProficiency.app/TelstraiOSProficiency";
			};
			name = Debug;
		};
		1DB3412F2523566300DD6B0F /* Release */ = {
			isa = XCBuildConfiguration;
			baseConfigurationReference = 7FE9AE5520B5EE1BB4C033BF /* Pods-TelstraiOSProficiencyTests.release.xcconfig */;
			buildSettings = {
				ALWAYS_EMBED_SWIFT_STANDARD_LIBRARIES = YES;
				BUNDLE_LOADER = "$(TEST_HOST)";
				CODE_SIGN_STYLE = Automatic;
				INFOPLIST_FILE = TelstraiOSProficiencyTests/Info.plist;
				IPHONEOS_DEPLOYMENT_TARGET = 13.5;
				LD_RUNPATH_SEARCH_PATHS = (
					"$(inherited)",
					"@executable_path/Frameworks",
					"@loader_path/Frameworks",
				);
				PRODUCT_BUNDLE_IDENTIFIER = com.test.TelstraiOSProficiencyTests;
				PRODUCT_NAME = "$(TARGET_NAME)";
				SWIFT_VERSION = 5.0;
				TARGETED_DEVICE_FAMILY = "1,2";
				TEST_HOST = "$(BUILT_PRODUCTS_DIR)/TelstraiOSProficiency.app/TelstraiOSProficiency";
			};
			name = Release;
		};
/* End XCBuildConfiguration section */

/* Begin XCConfigurationList section */
		1DB341062523566100DD6B0F /* Build configuration list for PBXProject "TelstraiOSProficiency" */ = {
			isa = XCConfigurationList;
			buildConfigurations = (
				1DB341282523566300DD6B0F /* Debug */,
				1DB341292523566300DD6B0F /* Release */,
			);
			defaultConfigurationIsVisible = 0;
			defaultConfigurationName = Release;
		};
		1DB3412A2523566300DD6B0F /* Build configuration list for PBXNativeTarget "TelstraiOSProficiency" */ = {
			isa = XCConfigurationList;
			buildConfigurations = (
				1DB3412B2523566300DD6B0F /* Debug */,
				1DB3412C2523566300DD6B0F /* Release */,
			);
			defaultConfigurationIsVisible = 0;
			defaultConfigurationName = Release;
		};
		1DB3412D2523566300DD6B0F /* Build configuration list for PBXNativeTarget "TelstraiOSProficiencyTests" */ = {
			isa = XCConfigurationList;
			buildConfigurations = (
				1DB3412E2523566300DD6B0F /* Debug */,
				1DB3412F2523566300DD6B0F /* Release */,
			);
			defaultConfigurationIsVisible = 0;
			defaultConfigurationName = Release;
		};
/* End XCConfigurationList section */
	};
	rootObject = 1DB341032523566100DD6B0F /* Project object */;
}
